
Microsoft Visual Studio Solution File, Format Version 12.00
# Visual Studio 2012
Project("{FAE04EC0-301F-11D3-BF4B-00C04F79EFBC}") = "DataAccess", "DataAccess\DataAccess.csproj", "{4E839A6A-C3CF-4270-9B72-B67025866459}"
EndProject
Project("{FAE04EC0-301F-11D3-BF4B-00C04F79EFBC}") = "Domain", "Domain\Domain.csproj", "{AEA3E42C-1976-48B9-8FB6-1E12F8FD98DE}"
EndProject
Project("{FAE04EC0-301F-11D3-BF4B-00C04F79EFBC}") = "Web", "Web\Web.csproj", "{4293E492-F913-40A0-A2FE-783A5BFDB599}"
EndProject
Project("{FAE04EC0-301F-11D3-BF4B-00C04F79EFBC}") = "Services", "Services\Services.csproj", "{ECAB4523-9AF7-4B33-A647-95A2919C1EAA}"
EndProject
Global
	GlobalSection(SolutionConfigurationPlatforms) = preSolution
		Debug|Any CPU = Debug|Any CPU
		Release|Any CPU = Release|Any CPU
	EndGlobalSection
	GlobalSection(ProjectConfigurationPlatforms) = postSolution
		{4E839A6A-C3CF-4270-9B72-B67025866459}.Debug|Any CPU.ActiveCfg = Debug|Any CPU
		{4E839A6A-C3CF-4270-9B72-B67025866459}.Debug|Any CPU.Build.0 = Debug|Any CPU
		{4E839A6A-C3CF-4270-9B72-B67025866459}.Release|Any CPU.ActiveCfg = Release|Any CPU
		{4E839A6A-C3CF-4270-9B72-B67025866459}.Release|Any CPU.Build.0 = Release|Any CPU
		{AEA3E42C-1976-48B9-8FB6-1E12F8FD98DE}.Debug|Any CPU.ActiveCfg = Debug|Any CPU
		{AEA3E42C-1976-48B9-8FB6-1E12F8FD98DE}.Debug|Any CPU.Build.0 = Debug|Any CPU
		{AEA3E42C-1976-48B9-8FB6-1E12F8FD98DE}.Release|Any CPU.ActiveCfg = Release|Any CPU
		{AEA3E42C-1976-48B9-8FB6-1E12F8FD98DE}.Release|Any CPU.Build.0 = Release|Any CPU
		{4293E492-F913-40A0-A2FE-783A5BFDB599}.Debug|Any CPU.ActiveCfg = Debug|Any CPU
		{4293E492-F913-40A0-A2FE-783A5BFDB599}.Debug|Any CPU.Build.0 = Debug|Any CPU
		{4293E492-F913-40A0-A2FE-783A5BFDB599}.Release|Any CPU.ActiveCfg = Release|Any CPU
		{4293E492-F913-40A0-A2FE-783A5BFDB599}.Release|Any CPU.Build.0 = Release|Any CPU
		{ECAB4523-9AF7-4B33-A647-95A2919C1EAA}.Debug|Any CPU.ActiveCfg = Debug|Any CPU
		{ECAB4523-9AF7-4B33-A647-95A2919C1EAA}.Debug|Any CPU.Build.0 = Debug|Any CPU
		{ECAB4523-9AF7-4B33-A647-95A2919C1EAA}.Release|Any CPU.ActiveCfg = Release|Any CPU
		{ECAB4523-9AF7-4B33-A647-95A2919C1EAA}.Release|Any CPU.Build.0 = Release|Any CPU
	EndGlobalSection
	GlobalSection(SolutionProperties) = preSolution
		HideSolutionNode = FALSE
	EndGlobalSection
EndGlobal
